{
    "name": "@pwdgame/shared",
    "version": "1.0.0",
    "lockfileVersion": 1,
    "requires": true,
    "dependencies": {
        "@azure/abort-controller": {
            "version": "1.0.4",
            "resolved": "https://registry.npmjs.org/@azure/abort-controller/-/abort-controller-1.0.4.tgz",
            "integrity": "sha512-lNUmDRVGpanCsiUN3NWxFTdwmdFI53xwhkTFfHDGTYk46ca7Ind3nanJc+U6Zj9Tv+9nTCWRBscWEW1DyKOpTw==",
            "requires": {
                "tslib": "^2.0.0"
            }
        },
        "@azure/core-asynciterator-polyfill": {
            "version": "1.0.0",
            "resolved": "https://registry.npmjs.org/@azure/core-asynciterator-polyfill/-/core-asynciterator-polyfill-1.0.0.tgz",
            "integrity": "sha512-kmv8CGrPfN9SwMwrkiBK9VTQYxdFQEGe0BmQk+M8io56P9KNzpAxcWE/1fxJj7uouwN4kXF0BHW8DNlgx+wtCg=="
        },
        "@azure/core-auth": {
            "version": "1.3.0",
            "resolved": "https://registry.npmjs.org/@azure/core-auth/-/core-auth-1.3.0.tgz",
            "integrity": "sha512-kSDSZBL6c0CYdhb+7KuutnKGf2geeT+bCJAgccB0DD7wmNJSsQPcF7TcuoZX83B7VK4tLz/u+8sOO/CnCsYp8A==",
            "requires": {
                "@azure/abort-controller": "^1.0.0",
                "tslib": "^2.0.0"
            }
        },
        "@azure/core-client": {
            "version": "1.1.1",
            "resolved": "https://registry.npmjs.org/@azure/core-client/-/core-client-1.1.1.tgz",
            "integrity": "sha512-SHW4H4I9IxzqaadHCUJLQPTD5jLfBOVNkWw1TSEZr4SGk0AzZzA3BG5q8Pr9L6WDK3MKCXdi6f9IViGYKGXjzw==",
            "requires": {
                "@azure/abort-controller": "^1.0.0",
                "@azure/core-asynciterator-polyfill": "^1.0.0",
                "@azure/core-auth": "^1.3.0",
                "@azure/core-rest-pipeline": "^1.0.0",
                "@azure/core-tracing": "1.0.0-preview.11",
                "tslib": "^2.0.0"
            }
        },
        "@azure/core-paging": {
            "version": "1.1.3",
            "resolved": "https://registry.npmjs.org/@azure/core-paging/-/core-paging-1.1.3.tgz",
            "integrity": "sha512-his7Ah40ThEYORSpIAwuh6B8wkGwO/zG7gqVtmSE4WAJ46e36zUDXTKReUCLBDc6HmjjApQQxxcRFy5FruG79A==",
            "requires": {
                "@azure/core-asynciterator-polyfill": "^1.0.0"
            }
        },
        "@azure/core-rest-pipeline": {
            "version": "1.0.3",
            "resolved": "https://registry.npmjs.org/@azure/core-rest-pipeline/-/core-rest-pipeline-1.0.3.tgz",
            "integrity": "sha512-GbfBQHF83RQI+LVISh8RLKpPeyufFsu6FhwB0U1inN7BWo8GuE23s0vc/D4gd5AWww7orQ20Q3zMzW5FKFs4MQ==",
            "requires": {
                "@azure/abort-controller": "^1.0.0",
                "@azure/core-auth": "^1.3.0",
                "@azure/core-tracing": "1.0.0-preview.11",
                "@azure/logger": "^1.0.0",
                "form-data": "^3.0.0",
                "http-proxy-agent": "^4.0.1",
                "https-proxy-agent": "^5.0.0",
                "tslib": "^2.0.0",
                "uuid": "^8.3.0"
            }
        },
        "@azure/core-tracing": {
            "version": "1.0.0-preview.11",
            "resolved": "https://registry.npmjs.org/@azure/core-tracing/-/core-tracing-1.0.0-preview.11.tgz",
            "integrity": "sha512-frF0pJc9HTmKncVokhBxCqipjbql02DThQ1ZJ9wLi7SDMLdPAFyDI5xZNzX5guLz+/DtPkY+SGK2li9FIXqshQ==",
            "requires": {
                "@opencensus/web-types": "0.0.7",
                "@opentelemetry/api": "1.0.0-rc.0",
                "tslib": "^2.0.0"
            }
        },
        "@azure/core-xml": {
            "version": "1.0.0-beta.1",
            "resolved": "https://registry.npmjs.org/@azure/core-xml/-/core-xml-1.0.0-beta.1.tgz",
            "integrity": "sha512-7d2w0yd8pb1c9aj87JV/1ntOp+sCMcJ9QoGDxs6/7BLDh8Gb6kd2h3n+9JYhcLZO8wdHZb4d4GZgmRIwaAU72w==",
            "requires": {
                "tslib": "^2.0.0",
                "xml2js": "^0.4.19"
            }
        },
        "@azure/data-tables": {
            "version": "12.0.0-beta.2",
            "resolved": "https://registry.npmjs.org/@azure/data-tables/-/data-tables-12.0.0-beta.2.tgz",
            "integrity": "sha512-0bxVa9pTyeKjuLOMx+PGGfEOeY+JH1e1j3GrB7PrrFE8H3yB0RhqCZi5CSqojidgWuhYNK0nh5RG68v3WqQgcg==",
            "requires": {
                "@azure/core-client": "^1.0.0",
                "@azure/core-paging": "^1.1.1",
                "@azure/core-rest-pipeline": "^1.0.0",
                "@azure/core-tracing": "1.0.0-preview.11",
                "@azure/core-xml": "1.0.0-beta.1",
                "@azure/logger": "^1.0.0",
                "tslib": "^2.0.0",
                "uuid": "^8.3.0"
            }
        },
        "@azure/logger": {
            "version": "1.0.2",
            "resolved": "https://registry.npmjs.org/@azure/logger/-/logger-1.0.2.tgz",
            "integrity": "sha512-YZNjNV0vL3nN2nedmcjQBcpCTo3oqceXmgiQtEm6fLpucjRZyQKAQruhCmCpRlB1iykqKJJ/Y8CDmT5rIE6IJw==",
            "requires": {
                "tslib": "^2.0.0"
            }
        },
        "@microsoft/signalr": {
            "version": "5.0.6",
            "resolved": "https://registry.npmjs.org/@microsoft/signalr/-/signalr-5.0.6.tgz",
            "integrity": "sha512-ExwKc9L/Dia7gachfekMYNqalH1qAnluNmh1mhTNGqIp0s3SH9DJMi5FSVcmgx8R1K6Sn86Z67lYGBfOlvifLg==",
            "requires": {
                "abort-controller": "^3.0.0",
                "eventsource": "^1.0.7",
                "fetch-cookie": "^0.7.3",
                "node-fetch": "^2.6.0",
                "ws": "^6.0.0"
            }
        },
        "@opencensus/web-types": {
            "version": "0.0.7",
            "resolved": "https://registry.npmjs.org/@opencensus/web-types/-/web-types-0.0.7.tgz",
            "integrity": "sha512-xB+w7ZDAu3YBzqH44rCmG9/RlrOmFuDPt/bpf17eJr8eZSrLt7nc7LnWdxM9Mmoj/YKMHpxRg28txu3TcpiL+g=="
        },
        "@opentelemetry/api": {
            "version": "1.0.0-rc.0",
            "resolved": "https://registry.npmjs.org/@opentelemetry/api/-/api-1.0.0-rc.0.tgz",
            "integrity": "sha512-iXKByCMfrlO5S6Oh97BuM56tM2cIBB0XsL/vWF/AtJrJEKx4MC/Xdu0xDsGXMGcNWpqF7ujMsjjnp0+UHBwnDQ=="
        },
        "@tootallnate/once": {
            "version": "1.1.2",
            "resolved": "https://registry.npmjs.org/@tootallnate/once/-/once-1.1.2.tgz",
            "integrity": "sha512-RbzJvlNzmRq5c3O09UipeuXno4tA1FE6ikOjxZK0tuxVv3412l64l5t1W5pj4+rJq9vpkm/kwiR07aZXnsKPxw=="
        },
        "@types/crypto-js": {
            "version": "4.0.1",
            "resolved": "https://registry.npmjs.org/@types/crypto-js/-/crypto-js-4.0.1.tgz",
            "integrity": "sha512-6+OPzqhKX/cx5xh+yO8Cqg3u3alrkhoxhE5ZOdSEv0DOzJ13lwJ6laqGU0Kv6+XDMFmlnGId04LtY22PsFLQUw==",
            "dev": true
        },
        "@types/uuid": {
            "version": "8.3.0",
            "resolved": "https://registry.npmjs.org/@types/uuid/-/uuid-8.3.0.tgz",
            "integrity": "sha512-eQ9qFW/fhfGJF8WKHGEHZEyVWfZxrT+6CLIJGBcZPfxUh/+BnEj+UCGYMlr9qZuX/2AltsvwrGqp0LhEW8D0zQ==",
            "dev": true
        },
        "abort-controller": {
            "version": "3.0.0",
            "resolved": "https://registry.npmjs.org/abort-controller/-/abort-controller-3.0.0.tgz",
            "integrity": "sha512-h8lQ8tacZYnR3vNQTgibj+tODHI5/+l06Au2Pcriv/Gmet0eaj4TwWH41sO9wnHDiQsEj19q0drzdWdeAHtweg==",
            "requires": {
                "event-target-shim": "^5.0.0"
            }
        },
        "agent-base": {
            "version": "6.0.2",
            "resolved": "https://registry.npmjs.org/agent-base/-/agent-base-6.0.2.tgz",
            "integrity": "sha512-RZNwNclF7+MS/8bDg70amg32dyeZGZxiDuQmZxKLAlQjr3jGyLx+4Kkk58UO7D2QdgFIQCovuSuZESne6RG6XQ==",
            "requires": {
                "debug": "4"
            }
        },
        "async-limiter": {
            "version": "1.0.1",
            "resolved": "https://registry.npmjs.org/async-limiter/-/async-limiter-1.0.1.tgz",
            "integrity": "sha512-csOlWGAcRFJaI6m+F2WKdnMKr4HhdhFVBk0H/QbJFMCr+uO2kwohwXQPxw/9OCxp05r5ghVBFSyioixx3gfkNQ=="
        },
        "asynckit": {
            "version": "0.4.0",
            "resolved": "https://registry.npmjs.org/asynckit/-/asynckit-0.4.0.tgz",
            "integrity": "sha1-x57Zf380y48robyXkLzDZkdLS3k="
        },
        "combined-stream": {
            "version": "1.0.8",
            "resolved": "https://registry.npmjs.org/combined-stream/-/combined-stream-1.0.8.tgz",
            "integrity": "sha512-FQN4MRfuJeHf7cBbBMJFXhKSDq+2kAArBlmRBvcvFE5BB1HZKXtSFASDhdlz9zOYwxh8lDdnvmMOe/+5cdoEdg==",
            "requires": {
                "delayed-stream": "~1.0.0"
            }
        },
        "crypto-js": {
            "version": "4.0.0",
            "resolved": "https://registry.npmjs.org/crypto-js/-/crypto-js-4.0.0.tgz",
            "integrity": "sha512-bzHZN8Pn+gS7DQA6n+iUmBfl0hO5DJq++QP3U6uTucDtk/0iGpXd/Gg7CGR0p8tJhofJyaKoWBuJI4eAO00BBg=="
        },
        "debug": {
            "version": "4.3.1",
            "resolved": "https://registry.npmjs.org/debug/-/debug-4.3.1.tgz",
            "integrity": "sha512-doEwdvm4PCeK4K3RQN2ZC2BYUBaxwLARCqZmMjtF8a51J2Rb0xpVloFRnCODwqjpwnAoao4pelN8l3RJdv3gRQ==",
            "requires": {
                "ms": "2.1.2"
            }
        },
        "delayed-stream": {
            "version": "1.0.0",
            "resolved": "https://registry.npmjs.org/delayed-stream/-/delayed-stream-1.0.0.tgz",
            "integrity": "sha1-3zrhmayt+31ECqrgsp4icrJOxhk="
        },
        "es6-denodeify": {
            "version": "0.1.5",
            "resolved": "https://registry.npmjs.org/es6-denodeify/-/es6-denodeify-0.1.5.tgz",
            "integrity": "sha1-MdTV/pxVA+ElRgQ5MQ4WoqPznB8="
        },
        "event-target-shim": {
            "version": "5.0.1",
            "resolved": "https://registry.npmjs.org/event-target-shim/-/event-target-shim-5.0.1.tgz",
            "integrity": "sha512-i/2XbnSz/uxRCU6+NdVJgKWDTM427+MqYbkQzD321DuCQJUqOuJKIA0IM2+W2xtYHdKOmZ4dR6fExsd4SXL+WQ=="
        },
        "eventsource": {
            "version": "1.1.0",
            "resolved": "https://registry.npmjs.org/eventsource/-/eventsource-1.1.0.tgz",
            "integrity": "sha512-VSJjT5oCNrFvCS6igjzPAt5hBzQ2qPBFIbJ03zLI9SE0mxwZpMw6BfJrbFHm1a141AavMEB8JHmBhWAd66PfCg==",
            "requires": {
                "original": "^1.0.0"
            }
        },
        "fetch-cookie": {
            "version": "0.7.3",
            "resolved": "https://registry.npmjs.org/fetch-cookie/-/fetch-cookie-0.7.3.tgz",
            "integrity": "sha512-rZPkLnI8x5V+zYAiz8QonAHsTb4BY+iFowFBI1RFn0zrO343AVp9X7/yUj/9wL6Ef/8fLls8b/vGtzUvmyAUGA==",
            "requires": {
                "es6-denodeify": "^0.1.1",
                "tough-cookie": "^2.3.3"
            }
        },
        "form-data": {
            "version": "3.0.1",
            "resolved": "https://registry.npmjs.org/form-data/-/form-data-3.0.1.tgz",
            "integrity": "sha512-RHkBKtLWUVwd7SqRIvCZMEvAMoGUp0XU+seQiZejj0COz3RI3hWP4sCv3gZWWLjJTd7rGwcsF5eKZGii0r/hbg==",
            "requires": {
                "asynckit": "^0.4.0",
                "combined-stream": "^1.0.8",
                "mime-types": "^2.1.12"
            }
        },
        "http-proxy-agent": {
            "version": "4.0.1",
            "resolved": "https://registry.npmjs.org/http-proxy-agent/-/http-proxy-agent-4.0.1.tgz",
            "integrity": "sha512-k0zdNgqWTGA6aeIRVpvfVob4fL52dTfaehylg0Y4UvSySvOq/Y+BOyPrgpUrA7HylqvU8vIZGsRuXmspskV0Tg==",
            "requires": {
                "@tootallnate/once": "1",
                "agent-base": "6",
                "debug": "4"
            }
        },
        "https-proxy-agent": {
            "version": "5.0.0",
            "resolved": "https://registry.npmjs.org/https-proxy-agent/-/https-proxy-agent-5.0.0.tgz",
            "integrity": "sha512-EkYm5BcKUGiduxzSt3Eppko+PiNWNEpa4ySk9vTC6wDsQJW9rHSa+UhGNJoRYp7bz6Ht1eaRIa6QaJqO5rCFbA==",
            "requires": {
                "agent-base": "6",
                "debug": "4"
            }
        },
        "mime-db": {
            "version": "1.47.0",
            "resolved": "https://registry.npmjs.org/mime-db/-/mime-db-1.47.0.tgz",
            "integrity": "sha512-QBmA/G2y+IfeS4oktet3qRZ+P5kPhCKRXxXnQEudYqUaEioAU1/Lq2us3D/t1Jfo4hE9REQPrbB7K5sOczJVIw=="
        },
        "mime-types": {
            "version": "2.1.30",
            "resolved": "https://registry.npmjs.org/mime-types/-/mime-types-2.1.30.tgz",
            "integrity": "sha512-crmjA4bLtR8m9qLpHvgxSChT+XoSlZi8J4n/aIdn3z92e/U47Z0V/yl+Wh9W046GgFVAmoNR/fmdbZYcSSIUeg==",
            "requires": {
                "mime-db": "1.47.0"
            }
        },
        "ms": {
            "version": "2.1.2",
            "resolved": "https://registry.npmjs.org/ms/-/ms-2.1.2.tgz",
            "integrity": "sha512-sGkPx+VjMtmA6MX27oA4FBFELFCZZ4S4XqeGOXCv68tT+jb3vk/RyaKWP0PTKyWtmLSM0b+adUTEvbs1PEaH2w=="
        },
        "node-fetch": {
            "version": "2.6.9",
            "resolved": "https://registry.npmjs.org/node-fetch/-/node-fetch-2.6.9.tgz",
            "integrity": "sha512-DJm/CJkZkRjKKj4Zi4BsKVZh3ValV5IR5s7LVZnW+6YMh0W1BfNA8XSs6DLMGYlId5F3KnA70uu2qepcR08Qqg==",
            "requires": {
                "whatwg-url": "^5.0.0"
            }
        },
        "original": {
            "version": "1.0.2",
            "resolved": "https://registry.npmjs.org/original/-/original-1.0.2.tgz",
            "integrity": "sha512-hyBVl6iqqUOJ8FqRe+l/gS8H+kKYjrEndd5Pm1MfBtsEKA038HkkdbAl/72EAXGyonD/PFsvmVG+EvcIpliMBg==",
            "requires": {
                "url-parse": "^1.4.3"
            }
        },
        "psl": {
            "version": "1.8.0",
            "resolved": "https://registry.npmjs.org/psl/-/psl-1.8.0.tgz",
            "integrity": "sha512-RIdOzyoavK+hA18OGGWDqUTsCLhtA7IcZ/6NCs4fFJaHBDab+pDDmDIByWFRQJq2Cd7r1OoQxBGKOaztq+hjIQ=="
        },
        "punycode": {
            "version": "2.1.1",
            "resolved": "https://registry.npmjs.org/punycode/-/punycode-2.1.1.tgz",
            "integrity": "sha512-XRsRjdf+j5ml+y/6GKHPZbrF/8p2Yga0JPtdqTIY2Xe5ohJPD9saDJJLPvp9+NSBprVvevdXZybnj2cv8OEd0A=="
        },
        "querystringify": {
            "version": "2.2.0",
            "resolved": "https://registry.npmjs.org/querystringify/-/querystringify-2.2.0.tgz",
            "integrity": "sha512-FIqgj2EUvTa7R50u0rGsyTftzjYmv/a3hO345bZNrqabNqjtgiDMgmo4mkUjd+nzU5oF3dClKqFIPUKybUyqoQ=="
        },
        "requires-port": {
            "version": "1.0.0",
            "resolved": "https://registry.npmjs.org/requires-port/-/requires-port-1.0.0.tgz",
            "integrity": "sha1-kl0mAdOaxIXgkc8NpcbmlNw9yv8="
        },
        "sax": {
            "version": "1.2.4",
            "resolved": "https://registry.npmjs.org/sax/-/sax-1.2.4.tgz",
            "integrity": "sha512-NqVDv9TpANUjFm0N8uM5GxL36UgKi9/atZw+x7YFnQ8ckwFGKrl4xX4yWtrey3UJm5nP1kUbnYgLopqWNSRhWw=="
        },
        "tough-cookie": {
            "version": "2.5.0",
            "resolved": "https://registry.npmjs.org/tough-cookie/-/tough-cookie-2.5.0.tgz",
            "integrity": "sha512-nlLsUzgm1kfLXSXfRZMc1KLAugd4hqJHDTvc2hDIwS3mZAfMEuMbc03SujMF+GEcpaX/qboeycw6iO8JwVv2+g==",
            "requires": {
                "psl": "^1.1.28",
                "punycode": "^2.1.1"
            }
        },
        "tr46": {
            "version": "0.0.3",
            "resolved": "https://registry.npmjs.org/tr46/-/tr46-0.0.3.tgz",
            "integrity": "sha512-N3WMsuqV66lT30CrXNbEjx4GEwlow3v6rr4mCcv6prnfwhS01rkgyFdjPNBYd9br7LpXV1+Emh01fHnq2Gdgrw=="
        },
        "tslib": {
            "version": "2.2.0",
            "resolved": "https://registry.npmjs.org/tslib/-/tslib-2.2.0.tgz",
            "integrity": "sha512-gS9GVHRU+RGn5KQM2rllAlR3dU6m7AcpJKdtH8gFvQiC4Otgk98XnmMU+nZenHt/+VhnBPWwgrJsyrdcw6i23w=="
        },
        "typescript": {
            "version": "4.3.5",
            "resolved": "https://registry.npmjs.org/typescript/-/typescript-4.3.5.tgz",
            "integrity": "sha512-DqQgihaQ9cUrskJo9kIyW/+g0Vxsk8cDtZ52a3NGh0YNTfpUSArXSohyUGnvbPazEPLu398C0UxmKSOrPumUzA=="
        },
        "url-parse": {
            "version": "1.5.1",
            "resolved": "https://registry.npmjs.org/url-parse/-/url-parse-1.5.1.tgz",
            "integrity": "sha512-HOfCOUJt7iSYzEx/UqgtwKRMC6EU91NFhsCHMv9oM03VJcVo2Qrp8T8kI9D7amFf1cu+/3CEhgb3rF9zL7k85Q==",
            "requires": {
                "querystringify": "^2.1.1",
                "requires-port": "^1.0.0"
            }
        },
        "uuid": {
            "version": "8.3.2",
            "resolved": "https://registry.npmjs.org/uuid/-/uuid-8.3.2.tgz",
            "integrity": "sha512-+NYs2QeMWy+GWFOEm9xnn6HCDp0l7QBD7ml8zLUmJ+93Q5NF0NocErnwkTkXVFNiX3/fpC6afS8Dhb/gz7R7eg=="
        },
        "webidl-conversions": {
            "version": "3.0.1",
            "resolved": "https://registry.npmjs.org/webidl-conversions/-/webidl-conversions-3.0.1.tgz",
            "integrity": "sha512-2JAn3z8AR6rjK8Sm8orRC0h/bcl/DqL7tRPdGZ4I1CjdF+EaMLmYxBHyXuKL849eucPFhvBoxMsflfOb8kxaeQ=="
        },
        "whatwg-url": {
            "version": "5.0.0",
            "resolved": "https://registry.npmjs.org/whatwg-url/-/whatwg-url-5.0.0.tgz",
            "integrity": "sha512-saE57nupxk6v3HY35+jzBwYa0rKSy0XR8JSxZPwgLr7ys0IBzhGviA1/TUGJLmSVqs8pb9AnvICXEuOHLprYTw==",
            "requires": {
                "tr46": "~0.0.3",
                "webidl-conversions": "^3.0.0"
            }
        },
        "ws": {
            "version": "6.2.1",
            "resolved": "https://registry.npmjs.org/ws/-/ws-6.2.1.tgz",
            "integrity": "sha512-GIyAXC2cB7LjvpgMt9EKS2ldqr0MTrORaleiOno6TweZ6r3TKtoFQWay/2PceJ3RuBasOHzXNn5Lrw1X0bEjqA==",
            "requires": {
                "async-limiter": "~1.0.0"
            }
        },
        "xml2js": {
            "version": "0.4.23",
            "resolved": "https://registry.npmjs.org/xml2js/-/xml2js-0.4.23.tgz",
            "integrity": "sha512-ySPiMjM0+pLDftHgXY4By0uswI3SPKLDw/i3UXbnO8M/p28zqexCUoPmQFrYD+/1BzhGJSs2i1ERWKJAtiLrug==",
            "requires": {
                "sax": ">=0.6.0",
                "xmlbuilder": "~11.0.0"
            }
        },
        "xmlbuilder": {
            "version": "11.0.1",
            "resolved": "https://registry.npmjs.org/xmlbuilder/-/xmlbuilder-11.0.1.tgz",
            "integrity": "sha512-fDlsI/kFEx7gLvbecc0/ohLG50fugQp8ryHzMTuW9vSa1GJ0XYWKnhsUx7oie3G98+r56aTQIUB4kht42R3JvA=="
        }
    }
}
